
Microsoft Visual Studio Solution File, Format Version 12.00
# Visual Studio Version 17
VisualStudioVersion = 17.2.32616.157
MinimumVisualStudioVersion = 10.0.40219.1
Project("{FAE04EC0-301F-11D3-BF4B-00C04F79EFBC}") = "SitecoreLogInspector", "SitecoreLogInspector\SitecoreLogInspector.csproj", "{8C4465BD-16DB-4B9E-A87B-493A39398F94}"
EndProject
Global
	GlobalSection(SolutionConfigurationPlatforms) = preSolution
		Debug|Any CPU = Debug|Any CPU
		Release|Any CPU = Release|Any CPU
	EndGlobalSection
	GlobalSection(ProjectConfigurationPlatforms) = postSolution
		{8C4465BD-16DB-4B9E-A87B-493A39398F94}.Debug|Any CPU.ActiveCfg = Debug|Any CPU
		{8C4465BD-16DB-4B9E-A87B-493A39398F94}.Debug|Any CPU.Build.0 = Debug|Any CPU
		{8C4465BD-16DB-4B9E-A87B-493A39398F94}.Release|Any CPU.ActiveCfg = Release|Any CPU
		{8C4465BD-16DB-4B9E-A87B-493A39398F94}.Release|Any CPU.Build.0 = Release|Any CPU
	EndGlobalSection
	GlobalSection(SolutionProperties) = preSolution
		HideSolutionNode = FALSE
	EndGlobalSection
	GlobalSection(ExtensibilityGlobals) = postSolution
		SolutionGuid = {CC627043-CEA1-47B7-A5C3-6DF13A198E1D}
	EndGlobalSection
EndGlobal
